
Microsoft Visual Studio Solution File, Format Version 12.00
# Visual Studio Version 16
VisualStudioVersion = 16.0.31729.503
MinimumVisualStudioVersion = 10.0.40219.1
Project("{2150E333-8FDC-42A3-9474-1A3956D46DE8}") = "Framework", "Framework", "{196DBFC0-A27E-4CB6-B2AC-63060143CFCC}"
EndProject
Project("{2150E333-8FDC-42A3-9474-1A3956D46DE8}") = "ReadModel", "ReadModel", "{9D09EBBB-D120-4029-91D5-4187CF15D542}"
EndProject
Project("{2150E333-8FDC-42A3-9474-1A3956D46DE8}") = "WriteModel", "WriteModel", "{0B25C750-A9BF-4B67-8C99-7893B38306B6}"
EndProject
Project("{9A19103F-16F7-4668-BE54-9A1E7A4F7556}") = "Framework.Core", "Framework\Framework.Core\Framework.Core.csproj", "{37D327DE-2F69-48E8-A347-67E5BB3F04EC}"
EndProject
Project("{9A19103F-16F7-4668-BE54-9A1E7A4F7556}") = "Framework.DependencyInjection", "Framework\Framework.DependancyInjection\Framework.DependencyInjection.csproj", "{500EFAC2-5588-4799-87C5-56FCFD946D16}"
EndProject
Project("{2150E333-8FDC-42A3-9474-1A3956D46DE8}") = "BookContext", "BookContext", "{DCB771A5-0A66-4C94-9C79-8570B8AB6816}"
EndProject
Project("{2150E333-8FDC-42A3-9474-1A3956D46DE8}") = "Facade", "Facade", "{90636242-52C8-40A8-84F6-D41C9EB9E9D6}"
EndProject
Project("{2150E333-8FDC-42A3-9474-1A3956D46DE8}") = "ApplicationService", "ApplicationService", "{4484052D-3C1E-444C-BA22-18EB7DA11D0C}"
EndProject
Project("{2150E333-8FDC-42A3-9474-1A3956D46DE8}") = "Domain", "Domain", "{4E3D3C34-35C3-4566-A54D-888E7E444C79}"
EndProject
Project("{2150E333-8FDC-42A3-9474-1A3956D46DE8}") = "Infrastructure", "Infrastructure", "{690B8ACB-98C9-471E-945D-31EB7C210773}"
EndProject
Project("{9A19103F-16F7-4668-BE54-9A1E7A4F7556}") = "Books.BookContext.ApplicationService", "WriteModel\Books.BookContext.ApplicationService\Books.BookContext.ApplicationService.csproj", "{5AE13ADC-289B-47C8-8F6E-70F8B5AEE98C}"
EndProject
Project("{9A19103F-16F7-4668-BE54-9A1E7A4F7556}") = "Books.BookContext.ApplicationService.Contract", "WriteModel\Books.BookContext.ApplicationService.Contract\Books.BookContext.ApplicationService.Contract.csproj", "{28AD60D2-7EA2-406A-8D15-CA829D2717E5}"
EndProject
Project("{9A19103F-16F7-4668-BE54-9A1E7A4F7556}") = "Books.BookContext.Facade", "WriteModel\Books.BookContext.Facade\Books.BookContext.Facade.csproj", "{0A166914-9FD0-424B-B65C-F28E86E806EC}"
EndProject
Project("{9A19103F-16F7-4668-BE54-9A1E7A4F7556}") = "Books.BookContext.Facade.Contract", "WriteModel\Books.BookContext.Facade.Contract\Books.BookContext.Facade.Contract.csproj", "{8AFCA9BF-758F-4D01-BEE4-611D64278784}"
EndProject
Project("{9A19103F-16F7-4668-BE54-9A1E7A4F7556}") = "Books.BookContext.Configuration", "WriteModel\Books.BookContext.Configuration\Books.BookContext.Configuration.csproj", "{B7BD6C5E-E020-4197-B8A2-37679F9C9A3A}"
EndProject
Project("{9A19103F-16F7-4668-BE54-9A1E7A4F7556}") = "Framework.Facade", "Framework\Framework.Facade\Framework.Facade.csproj", "{5BFBFB1C-19AF-4C44-8E89-00A6C8DE9535}"
EndProject
Project("{9A19103F-16F7-4668-BE54-9A1E7A4F7556}") = "Framework.Application", "Framework\Framework.Application\Framework.Application.csproj", "{53128479-E5DD-4BE9-A216-E71370E958DB}"
EndProject
Project("{2150E333-8FDC-42A3-9474-1A3956D46DE8}") = "Api", "Api", "{78F440A7-8F36-4075-A649-FAE499B65240}"
EndProject
Project("{9A19103F-16F7-4668-BE54-9A1E7A4F7556}") = "Framework.AssemblyHelper", "Framework\Framework.AssemblyHelper\Framework.AssemblyHelper.csproj", "{39F8E8C4-13F0-4E94-8D1D-FDBC17E64B7F}"
EndProject
Project("{9A19103F-16F7-4668-BE54-9A1E7A4F7556}") = "Books.Api", "Api\Books.Api\Books.Api.csproj", "{D2066658-04F2-4E92-8A87-E026D6157942}"
EndProject
Project("{9A19103F-16F7-4668-BE54-9A1E7A4F7556}") = "Framework.Persistence", "Framework\Framework.Persistence\Framework.Persistence.csproj", "{2C6E9D61-1797-4635-87E4-D8B2E790E76E}"
EndProject
Project("{9A19103F-16F7-4668-BE54-9A1E7A4F7556}") = "Framework.Domain", "Framework\Framework.Domain\Framework.Domain.csproj", "{475AAB0A-F830-4246-A613-94498A506341}"
EndProject
Project("{9A19103F-16F7-4668-BE54-9A1E7A4F7556}") = "Books.Persistence", "WriteModel\Books.Persistence\Books.Persistence.csproj", "{94EA577C-B6E2-4237-B1E1-7D7384F6709B}"
EndProject
Project("{9A19103F-16F7-4668-BE54-9A1E7A4F7556}") = "Books.BookContext.Infrastructure.Persistence", "WriteModel\Books.BookContext.Infrastructure.Persistence\Books.BookContext.Infrastructure.Persistence.csproj", "{87C5B6BE-8C37-43F5-8355-D4294E12AF39}"
EndProject
Project("{9A19103F-16F7-4668-BE54-9A1E7A4F7556}") = "Books.BookContext.Domain", "WriteModel\Books.BookContext.Domain\Books.BookContext.Domain.csproj", "{A9E540C9-B675-4A8A-9BF4-AA92822DC105}"
EndProject
Project("{9A19103F-16F7-4668-BE54-9A1E7A4F7556}") = "Books.ReadModel.Configuration", "ReadModel\Books.ReadModel.Configuration\Books.ReadModel.Configuration.csproj", "{9CF4A56C-1CCA-4C7B-8F4D-A9FAD387851A}"
EndProject
Project("{9A19103F-16F7-4668-BE54-9A1E7A4F7556}") = "Books.ReadModel.Context", "ReadModel\Books.ReadModel.Context\Books.ReadModel.Context.csproj", "{FA96861D-2238-4213-8298-45676770782E}"
EndProject
Project("{9A19103F-16F7-4668-BE54-9A1E7A4F7556}") = "Books.ReadModel.Queries.Contracts", "ReadModel\Books.RadModel.Queries.Contracts\Books.ReadModel.Queries.Contracts.csproj", "{EEDCA2D3-E54F-4AB4-8134-008BB9234BB0}"
EndProject
Project("{9A19103F-16F7-4668-BE54-9A1E7A4F7556}") = "Books.ReadModel.Queries.Facade", "ReadModel\Books.ReadModel.Queries.Facade\Books.ReadModel.Queries.Facade.csproj", "{5A9CF1A8-47C2-4422-9F95-4947150FDB34}"
EndProject
Project("{FAE04EC0-301F-11D3-BF4B-00C04F79EFBC}") = "Framework.Mapper", "Framework\Framework.Mapper\Framework.Mapper.csproj", "{6F0ADD57-070A-47CA-9615-9A4304492CA0}"
EndProject
Project("{2150E333-8FDC-42A3-9474-1A3956D46DE8}") = "SolutionItem", "SolutionItem", "{5A43185B-2967-4BD8-8E2D-D3F661AA5E8F}"
	ProjectSection(SolutionItems) = preProject
		..\..\..\Desktop\HrmsBackend\gdb.bat = ..\..\..\Desktop\HrmsBackend\gdb.bat
	EndProjectSection
EndProject
Global
	GlobalSection(SolutionConfigurationPlatforms) = preSolution
		Debug|Any CPU = Debug|Any CPU
		Release|Any CPU = Release|Any CPU
	EndGlobalSection
	GlobalSection(ProjectConfigurationPlatforms) = postSolution
		{37D327DE-2F69-48E8-A347-67E5BB3F04EC}.Debug|Any CPU.ActiveCfg = Debug|Any CPU
		{37D327DE-2F69-48E8-A347-67E5BB3F04EC}.Debug|Any CPU.Build.0 = Debug|Any CPU
		{37D327DE-2F69-48E8-A347-67E5BB3F04EC}.Release|Any CPU.ActiveCfg = Release|Any CPU
		{37D327DE-2F69-48E8-A347-67E5BB3F04EC}.Release|Any CPU.Build.0 = Release|Any CPU
		{500EFAC2-5588-4799-87C5-56FCFD946D16}.Debug|Any CPU.ActiveCfg = Debug|Any CPU
		{500EFAC2-5588-4799-87C5-56FCFD946D16}.Debug|Any CPU.Build.0 = Debug|Any CPU
		{500EFAC2-5588-4799-87C5-56FCFD946D16}.Release|Any CPU.ActiveCfg = Release|Any CPU
		{500EFAC2-5588-4799-87C5-56FCFD946D16}.Release|Any CPU.Build.0 = Release|Any CPU
		{5AE13ADC-289B-47C8-8F6E-70F8B5AEE98C}.Debug|Any CPU.ActiveCfg = Debug|Any CPU
		{5AE13ADC-289B-47C8-8F6E-70F8B5AEE98C}.Debug|Any CPU.Build.0 = Debug|Any CPU
		{5AE13ADC-289B-47C8-8F6E-70F8B5AEE98C}.Release|Any CPU.ActiveCfg = Release|Any CPU
		{5AE13ADC-289B-47C8-8F6E-70F8B5AEE98C}.Release|Any CPU.Build.0 = Release|Any CPU
		{28AD60D2-7EA2-406A-8D15-CA829D2717E5}.Debug|Any CPU.ActiveCfg = Debug|Any CPU
		{28AD60D2-7EA2-406A-8D15-CA829D2717E5}.Debug|Any CPU.Build.0 = Debug|Any CPU
		{28AD60D2-7EA2-406A-8D15-CA829D2717E5}.Release|Any CPU.ActiveCfg = Release|Any CPU
		{28AD60D2-7EA2-406A-8D15-CA829D2717E5}.Release|Any CPU.Build.0 = Release|Any CPU
		{0A166914-9FD0-424B-B65C-F28E86E806EC}.Debug|Any CPU.ActiveCfg = Debug|Any CPU
		{0A166914-9FD0-424B-B65C-F28E86E806EC}.Debug|Any CPU.Build.0 = Debug|Any CPU
		{0A166914-9FD0-424B-B65C-F28E86E806EC}.Release|Any CPU.ActiveCfg = Release|Any CPU
		{0A166914-9FD0-424B-B65C-F28E86E806EC}.Release|Any CPU.Build.0 = Release|Any CPU
		{8AFCA9BF-758F-4D01-BEE4-611D64278784}.Debug|Any CPU.ActiveCfg = Debug|Any CPU
		{8AFCA9BF-758F-4D01-BEE4-611D64278784}.Debug|Any CPU.Build.0 = Debug|Any CPU
		{8AFCA9BF-758F-4D01-BEE4-611D64278784}.Release|Any CPU.ActiveCfg = Release|Any CPU
		{8AFCA9BF-758F-4D01-BEE4-611D64278784}.Release|Any CPU.Build.0 = Release|Any CPU
		{B7BD6C5E-E020-4197-B8A2-37679F9C9A3A}.Debug|Any CPU.ActiveCfg = Debug|Any CPU
		{B7BD6C5E-E020-4197-B8A2-37679F9C9A3A}.Debug|Any CPU.Build.0 = Debug|Any CPU
		{B7BD6C5E-E020-4197-B8A2-37679F9C9A3A}.Release|Any CPU.ActiveCfg = Release|Any CPU
		{B7BD6C5E-E020-4197-B8A2-37679F9C9A3A}.Release|Any CPU.Build.0 = Release|Any CPU
		{5BFBFB1C-19AF-4C44-8E89-00A6C8DE9535}.Debug|Any CPU.ActiveCfg = Debug|Any CPU
		{5BFBFB1C-19AF-4C44-8E89-00A6C8DE9535}.Debug|Any CPU.Build.0 = Debug|Any CPU
		{5BFBFB1C-19AF-4C44-8E89-00A6C8DE9535}.Release|Any CPU.ActiveCfg = Release|Any CPU
		{5BFBFB1C-19AF-4C44-8E89-00A6C8DE9535}.Release|Any CPU.Build.0 = Release|Any CPU
		{53128479-E5DD-4BE9-A216-E71370E958DB}.Debug|Any CPU.ActiveCfg = Debug|Any CPU
		{53128479-E5DD-4BE9-A216-E71370E958DB}.Debug|Any CPU.Build.0 = Debug|Any CPU
		{53128479-E5DD-4BE9-A216-E71370E958DB}.Release|Any CPU.ActiveCfg = Release|Any CPU
		{53128479-E5DD-4BE9-A216-E71370E958DB}.Release|Any CPU.Build.0 = Release|Any CPU
		{39F8E8C4-13F0-4E94-8D1D-FDBC17E64B7F}.Debug|Any CPU.ActiveCfg = Debug|Any CPU
		{39F8E8C4-13F0-4E94-8D1D-FDBC17E64B7F}.Debug|Any CPU.Build.0 = Debug|Any CPU
		{39F8E8C4-13F0-4E94-8D1D-FDBC17E64B7F}.Release|Any CPU.ActiveCfg = Release|Any CPU
		{39F8E8C4-13F0-4E94-8D1D-FDBC17E64B7F}.Release|Any CPU.Build.0 = Release|Any CPU
		{D2066658-04F2-4E92-8A87-E026D6157942}.Debug|Any CPU.ActiveCfg = Debug|Any CPU
		{D2066658-04F2-4E92-8A87-E026D6157942}.Debug|Any CPU.Build.0 = Debug|Any CPU
		{D2066658-04F2-4E92-8A87-E026D6157942}.Release|Any CPU.ActiveCfg = Release|Any CPU
		{D2066658-04F2-4E92-8A87-E026D6157942}.Release|Any CPU.Build.0 = Release|Any CPU
		{2C6E9D61-1797-4635-87E4-D8B2E790E76E}.Debug|Any CPU.ActiveCfg = Debug|Any CPU
		{2C6E9D61-1797-4635-87E4-D8B2E790E76E}.Debug|Any CPU.Build.0 = Debug|Any CPU
		{2C6E9D61-1797-4635-87E4-D8B2E790E76E}.Release|Any CPU.ActiveCfg = Release|Any CPU
		{2C6E9D61-1797-4635-87E4-D8B2E790E76E}.Release|Any CPU.Build.0 = Release|Any CPU
		{475AAB0A-F830-4246-A613-94498A506341}.Debug|Any CPU.ActiveCfg = Debug|Any CPU
		{475AAB0A-F830-4246-A613-94498A506341}.Debug|Any CPU.Build.0 = Debug|Any CPU
		{475AAB0A-F830-4246-A613-94498A506341}.Release|Any CPU.ActiveCfg = Release|Any CPU
		{475AAB0A-F830-4246-A613-94498A506341}.Release|Any CPU.Build.0 = Release|Any CPU
		{94EA577C-B6E2-4237-B1E1-7D7384F6709B}.Debug|Any CPU.ActiveCfg = Debug|Any CPU
		{94EA577C-B6E2-4237-B1E1-7D7384F6709B}.Debug|Any CPU.Build.0 = Debug|Any CPU
		{94EA577C-B6E2-4237-B1E1-7D7384F6709B}.Release|Any CPU.ActiveCfg = Release|Any CPU
		{94EA577C-B6E2-4237-B1E1-7D7384F6709B}.Release|Any CPU.Build.0 = Release|Any CPU
		{87C5B6BE-8C37-43F5-8355-D4294E12AF39}.Debug|Any CPU.ActiveCfg = Debug|Any CPU
		{87C5B6BE-8C37-43F5-8355-D4294E12AF39}.Debug|Any CPU.Build.0 = Debug|Any CPU
		{87C5B6BE-8C37-43F5-8355-D4294E12AF39}.Release|Any CPU.ActiveCfg = Release|Any CPU
		{87C5B6BE-8C37-43F5-8355-D4294E12AF39}.Release|Any CPU.Build.0 = Release|Any CPU
		{A9E540C9-B675-4A8A-9BF4-AA92822DC105}.Debug|Any CPU.ActiveCfg = Debug|Any CPU
		{A9E540C9-B675-4A8A-9BF4-AA92822DC105}.Debug|Any CPU.Build.0 = Debug|Any CPU
		{A9E540C9-B675-4A8A-9BF4-AA92822DC105}.Release|Any CPU.ActiveCfg = Release|Any CPU
		{A9E540C9-B675-4A8A-9BF4-AA92822DC105}.Release|Any CPU.Build.0 = Release|Any CPU
		{9CF4A56C-1CCA-4C7B-8F4D-A9FAD387851A}.Debug|Any CPU.ActiveCfg = Debug|Any CPU
		{9CF4A56C-1CCA-4C7B-8F4D-A9FAD387851A}.Debug|Any CPU.Build.0 = Debug|Any CPU
		{9CF4A56C-1CCA-4C7B-8F4D-A9FAD387851A}.Release|Any CPU.ActiveCfg = Release|Any CPU
		{9CF4A56C-1CCA-4C7B-8F4D-A9FAD387851A}.Release|Any CPU.Build.0 = Release|Any CPU
		{FA96861D-2238-4213-8298-45676770782E}.Debug|Any CPU.ActiveCfg = Debug|Any CPU
		{FA96861D-2238-4213-8298-45676770782E}.Debug|Any CPU.Build.0 = Debug|Any CPU
		{FA96861D-2238-4213-8298-45676770782E}.Release|Any CPU.ActiveCfg = Release|Any CPU
		{FA96861D-2238-4213-8298-45676770782E}.Release|Any CPU.Build.0 = Release|Any CPU
		{EEDCA2D3-E54F-4AB4-8134-008BB9234BB0}.Debug|Any CPU.ActiveCfg = Debug|Any CPU
		{EEDCA2D3-E54F-4AB4-8134-008BB9234BB0}.Debug|Any CPU.Build.0 = Debug|Any CPU
		{EEDCA2D3-E54F-4AB4-8134-008BB9234BB0}.Release|Any CPU.ActiveCfg = Release|Any CPU
		{EEDCA2D3-E54F-4AB4-8134-008BB9234BB0}.Release|Any CPU.Build.0 = Release|Any CPU
		{5A9CF1A8-47C2-4422-9F95-4947150FDB34}.Debug|Any CPU.ActiveCfg = Debug|Any CPU
		{5A9CF1A8-47C2-4422-9F95-4947150FDB34}.Debug|Any CPU.Build.0 = Debug|Any CPU
		{5A9CF1A8-47C2-4422-9F95-4947150FDB34}.Release|Any CPU.ActiveCfg = Release|Any CPU
		{5A9CF1A8-47C2-4422-9F95-4947150FDB34}.Release|Any CPU.Build.0 = Release|Any CPU
		{6F0ADD57-070A-47CA-9615-9A4304492CA0}.Debug|Any CPU.ActiveCfg = Debug|Any CPU
		{6F0ADD57-070A-47CA-9615-9A4304492CA0}.Debug|Any CPU.Build.0 = Debug|Any CPU
		{6F0ADD57-070A-47CA-9615-9A4304492CA0}.Release|Any CPU.ActiveCfg = Release|Any CPU
		{6F0ADD57-070A-47CA-9615-9A4304492CA0}.Release|Any CPU.Build.0 = Release|Any CPU
	EndGlobalSection
	GlobalSection(SolutionProperties) = preSolution
		HideSolutionNode = FALSE
	EndGlobalSection
	GlobalSection(NestedProjects) = preSolution
		{37D327DE-2F69-48E8-A347-67E5BB3F04EC} = {196DBFC0-A27E-4CB6-B2AC-63060143CFCC}
		{500EFAC2-5588-4799-87C5-56FCFD946D16} = {196DBFC0-A27E-4CB6-B2AC-63060143CFCC}
		{DCB771A5-0A66-4C94-9C79-8570B8AB6816} = {0B25C750-A9BF-4B67-8C99-7893B38306B6}
		{90636242-52C8-40A8-84F6-D41C9EB9E9D6} = {DCB771A5-0A66-4C94-9C79-8570B8AB6816}
		{4484052D-3C1E-444C-BA22-18EB7DA11D0C} = {DCB771A5-0A66-4C94-9C79-8570B8AB6816}
		{4E3D3C34-35C3-4566-A54D-888E7E444C79} = {DCB771A5-0A66-4C94-9C79-8570B8AB6816}
		{690B8ACB-98C9-471E-945D-31EB7C210773} = {DCB771A5-0A66-4C94-9C79-8570B8AB6816}
		{5AE13ADC-289B-47C8-8F6E-70F8B5AEE98C} = {4484052D-3C1E-444C-BA22-18EB7DA11D0C}
		{28AD60D2-7EA2-406A-8D15-CA829D2717E5} = {4484052D-3C1E-444C-BA22-18EB7DA11D0C}
		{0A166914-9FD0-424B-B65C-F28E86E806EC} = {90636242-52C8-40A8-84F6-D41C9EB9E9D6}
		{8AFCA9BF-758F-4D01-BEE4-611D64278784} = {90636242-52C8-40A8-84F6-D41C9EB9E9D6}
		{B7BD6C5E-E020-4197-B8A2-37679F9C9A3A} = {DCB771A5-0A66-4C94-9C79-8570B8AB6816}
		{5BFBFB1C-19AF-4C44-8E89-00A6C8DE9535} = {196DBFC0-A27E-4CB6-B2AC-63060143CFCC}
		{53128479-E5DD-4BE9-A216-E71370E958DB} = {196DBFC0-A27E-4CB6-B2AC-63060143CFCC}
		{39F8E8C4-13F0-4E94-8D1D-FDBC17E64B7F} = {196DBFC0-A27E-4CB6-B2AC-63060143CFCC}
		{D2066658-04F2-4E92-8A87-E026D6157942} = {78F440A7-8F36-4075-A649-FAE499B65240}
		{2C6E9D61-1797-4635-87E4-D8B2E790E76E} = {196DBFC0-A27E-4CB6-B2AC-63060143CFCC}
		{475AAB0A-F830-4246-A613-94498A506341} = {196DBFC0-A27E-4CB6-B2AC-63060143CFCC}
		{94EA577C-B6E2-4237-B1E1-7D7384F6709B} = {0B25C750-A9BF-4B67-8C99-7893B38306B6}
		{87C5B6BE-8C37-43F5-8355-D4294E12AF39} = {690B8ACB-98C9-471E-945D-31EB7C210773}
		{A9E540C9-B675-4A8A-9BF4-AA92822DC105} = {4E3D3C34-35C3-4566-A54D-888E7E444C79}
		{9CF4A56C-1CCA-4C7B-8F4D-A9FAD387851A} = {9D09EBBB-D120-4029-91D5-4187CF15D542}
		{FA96861D-2238-4213-8298-45676770782E} = {9D09EBBB-D120-4029-91D5-4187CF15D542}
		{EEDCA2D3-E54F-4AB4-8134-008BB9234BB0} = {9D09EBBB-D120-4029-91D5-4187CF15D542}
		{5A9CF1A8-47C2-4422-9F95-4947150FDB34} = {9D09EBBB-D120-4029-91D5-4187CF15D542}
		{6F0ADD57-070A-47CA-9615-9A4304492CA0} = {196DBFC0-A27E-4CB6-B2AC-63060143CFCC}
	EndGlobalSection
	GlobalSection(ExtensibilityGlobals) = postSolution
		SolutionGuid = {8C9D5ADD-77FD-4A6E-AC4C-6D380820299D}
	EndGlobalSection
EndGlobal
